speakeasyVersion: 1.540.1
sources:
    my-source:
        sourceNamespace: my-source
        sourceRevisionDigest: sha256:5db6fea2e03621459da94766b8bf4b07a5eac21c621b8f5958c0fe5a8295a41d
        sourceBlobDigest: sha256:d035f3b407f273be49c1b0bfbc6b503f48974a8b2944883eab13ef56203a662d
        tags:
            - latest
            - main
    sample-source:
        sourceNamespace: my-source
        sourceRevisionDigest: sha256:ed09844f3b29a50d6dde3c5ff61639c7e705c9c31357598c6a5bf8ae02f23b9c
        sourceBlobDigest: sha256:d684baf08db0b20644b7ca45d1c40aeb214ba0bfe66636d1863ff1b7efd5afdf
        tags:
            - latest
            - speakeasy-sdk-regen-1745453904
            - 1.0.0
targets:
    airbyte-api:
        source: my-source
        sourceNamespace: my-source
        sourceRevisionDigest: sha256:5db6fea2e03621459da94766b8bf4b07a5eac21c621b8f5958c0fe5a8295a41d
        sourceBlobDigest: sha256:d035f3b407f273be49c1b0bfbc6b503f48974a8b2944883eab13ef56203a662d
    testing:
        source: sample-source
        sourceNamespace: my-source
        sourceRevisionDigest: sha256:ed09844f3b29a50d6dde3c5ff61639c7e705c9c31357598c6a5bf8ae02f23b9c
        sourceBlobDigest: sha256:d684baf08db0b20644b7ca45d1c40aeb214ba0bfe66636d1863ff1b7efd5afdf
        codeSamplesNamespace: my-source-java-code-samples
        codeSamplesRevisionDigest: sha256:35cc36f6c74416d0946bfc785d2dd124d3b142de895a2b20b4360b21bb838090
workflow:
    workflowVersion: 1.0.0
    speakeasyVersion: latest
    sources:
        sample-source:
            inputs:
                - location: https://raw.githubusercontent.com/airbytehq/airbyte-platform/refs/heads/main/airbyte-api/server-api/src/main/openapi/api_sdk.yaml
            registry:
                location: registry.speakeasyapi.dev/airbyte/airbyte-prod/my-source
    targets:
        testing:
            target: java
            source: sample-source
            publish:
                java:
                    ossrhUsername: $ossrh_username
                    ossrhPassword: $ossrh_password
                    gpgSecretKey: $java_gpg_secret_key
                    gpgPassPhrase: $java_gpg_passphrase
            codeSamples:
                registry:
                    location: registry.speakeasyapi.dev/airbyte/airbyte-prod/my-source-java-code-samples
                blocking: false
