speakeasyVersion: 1.337.1
sources:
    my-source:
        sourceNamespace: my-source
        sourceRevisionDigest: sha256:5db6fea2e03621459da94766b8bf4b07a5eac21c621b8f5958c0fe5a8295a41d
        sourceBlobDigest: sha256:d035f3b407f273be49c1b0bfbc6b503f48974a8b2944883eab13ef56203a662d
        tags:
            - latest
            - main
    sample-source:
        sourceNamespace: my-source
        sourceRevisionDigest: sha256:ae1458922028c585899e924550deb102771e785502796350b07e0318e63dc3c5
        sourceBlobDigest: sha256:f8ca9ad89a0c2b7c34a61f37b54738b3145684d626855b551abe57898a3837be
        tags:
            - latest
            - main
targets:
    airbyte-api:
        source: my-source
        sourceNamespace: my-source
        sourceRevisionDigest: sha256:5db6fea2e03621459da94766b8bf4b07a5eac21c621b8f5958c0fe5a8295a41d
        sourceBlobDigest: sha256:d035f3b407f273be49c1b0bfbc6b503f48974a8b2944883eab13ef56203a662d
        outLocation: /github/workspace/repo
    testing:
        source: sample-source
        sourceNamespace: my-source
        sourceRevisionDigest: sha256:ae1458922028c585899e924550deb102771e785502796350b07e0318e63dc3c5
        sourceBlobDigest: sha256:f8ca9ad89a0c2b7c34a61f37b54738b3145684d626855b551abe57898a3837be
        outLocation: /github/workspace/repo
workflow:
    workflowVersion: 1.0.0
    speakeasyVersion: latest
    sources:
        sample-source:
            inputs:
                - location: https://raw.githubusercontent.com/airbytehq/airbyte-api-python-sdk/main/airbyte-api.openapi.yaml
            registry:
                location: registry.speakeasyapi.dev/airbyte/airbyte-prod/my-source
    targets:
        testing:
            target: java
            source: sample-source
            publish:
                java:
                    ossrhUsername: brycegroff
                    ossrhPassword: $ossrh_password
                    gpgSecretKey: $java_gpg_secret_key
                    gpgPassPhrase: $java_gpg_passphrase
