speakeasyVersion: 1.337.1
sources:
    my-source:
        sourceNamespace: my-source
        sourceRevisionDigest: sha256:5db6fea2e03621459da94766b8bf4b07a5eac21c621b8f5958c0fe5a8295a41d
        sourceBlobDigest: sha256:d035f3b407f273be49c1b0bfbc6b503f48974a8b2944883eab13ef56203a662d
        tags:
            - latest
            - main
    sample-source:
        sourceNamespace: my-source
        sourceRevisionDigest: sha256:52214cad5906e3076bfa027f4d254e8b2a4912a23f07b96c0ebfbf63732af8ad
        sourceBlobDigest: sha256:8a75ab4bf20d7f6b033afca375f5bf2369783a9ab3bf7a9d760437ae57511ef0
        tags:
            - latest
            - main
targets:
    airbyte-api:
        source: my-source
        sourceNamespace: my-source
        sourceRevisionDigest: sha256:5db6fea2e03621459da94766b8bf4b07a5eac21c621b8f5958c0fe5a8295a41d
        sourceBlobDigest: sha256:d035f3b407f273be49c1b0bfbc6b503f48974a8b2944883eab13ef56203a662d
        outLocation: /github/workspace/repo
    testing:
        source: sample-source
        sourceNamespace: my-source
        sourceRevisionDigest: sha256:52214cad5906e3076bfa027f4d254e8b2a4912a23f07b96c0ebfbf63732af8ad
        sourceBlobDigest: sha256:8a75ab4bf20d7f6b033afca375f5bf2369783a9ab3bf7a9d760437ae57511ef0
        outLocation: /github/workspace/repo
workflow:
    workflowVersion: 1.0.0
    speakeasyVersion: latest
    sources:
        sample-source:
            inputs:
                - location: https://raw.githubusercontent.com/airbytehq/airbyte-api-python-sdk/main/airbyte-api.openapi.yaml
            registry:
                location: registry.speakeasyapi.dev/airbyte/airbyte-prod/my-source
    targets:
        testing:
            target: java
            source: sample-source
            publish:
                java:
                    ossrhUsername: brycegroff
                    ossrhPassword: $ossrh_password
                    gpgSecretKey: $java_gpg_secret_key
                    gpgPassPhrase: $java_gpg_passphrase
